
Microsoft Visual Studio Solution File, Format Version 12.00
# Visual Studio Version 17
VisualStudioVersion = 17.6.33829.357
MinimumVisualStudioVersion = 10.0.40219.1
Project("{FAE04EC0-301F-11D3-BF4B-00C04F79EFBC}") = "RudimentsAPI", "RudimentsAPI\RudimentsAPI.csproj", "{8615B456-A960-42B7-A265-39B21B0F71DD}"
EndProject
Global
	GlobalSection(SolutionConfigurationPlatforms) = preSolution
		Debug|Any CPU = Debug|Any CPU
		Release|Any CPU = Release|Any CPU
	EndGlobalSection
	GlobalSection(ProjectConfigurationPlatforms) = postSolution
		{8615B456-A960-42B7-A265-39B21B0F71DD}.Debug|Any CPU.ActiveCfg = Debug|Any CPU
		{8615B456-A960-42B7-A265-39B21B0F71DD}.Debug|Any CPU.Build.0 = Debug|Any CPU
		{8615B456-A960-42B7-A265-39B21B0F71DD}.Release|Any CPU.ActiveCfg = Release|Any CPU
		{8615B456-A960-42B7-A265-39B21B0F71DD}.Release|Any CPU.Build.0 = Release|Any CPU
	EndGlobalSection
	GlobalSection(SolutionProperties) = preSolution
		HideSolutionNode = FALSE
	EndGlobalSection
	GlobalSection(ExtensibilityGlobals) = postSolution
		SolutionGuid = {DAF293F7-1FA6-4AD5-A213-340AC3699B65}
	EndGlobalSection
EndGlobal
